
Microsoft Visual Studio Solution File, Format Version 12.00
# Visual Studio Version 17
VisualStudioVersion = 17.1.32319.34
MinimumVisualStudioVersion = 10.0.40219.1
Project("{9A19103F-16F7-4668-BE54-9A1E7A4F7556}") = "Wisebet", "Wisebet\Wisebet.csproj", "{18E15762-3616-416C-9A51-5143E94E67D2}"
EndProject
Global
	GlobalSection(SolutionConfigurationPlatforms) = preSolution
		Debug|Any CPU = Debug|Any CPU
		Release|Any CPU = Release|Any CPU
	EndGlobalSection
	GlobalSection(ProjectConfigurationPlatforms) = postSolution
		{18E15762-3616-416C-9A51-5143E94E67D2}.Debug|Any CPU.ActiveCfg = Debug|Any CPU
		{18E15762-3616-416C-9A51-5143E94E67D2}.Debug|Any CPU.Build.0 = Debug|Any CPU
		{18E15762-3616-416C-9A51-5143E94E67D2}.Release|Any CPU.ActiveCfg = Release|Any CPU
		{18E15762-3616-416C-9A51-5143E94E67D2}.Release|Any CPU.Build.0 = Release|Any CPU
	EndGlobalSection
	GlobalSection(SolutionProperties) = preSolution
		HideSolutionNode = FALSE
	EndGlobalSection
	GlobalSection(ExtensibilityGlobals) = postSolution
		SolutionGuid = {21B710DA-64E7-4454-BF84-1D5B4152C7A0}
	EndGlobalSection
EndGlobal
